
Microsoft Visual Studio Solution File, Format Version 12.00
# Visual Studio Version 17
VisualStudioVersion = 17.9.34714.143
MinimumVisualStudioVersion = 10.0.40219.1
Project("{FAE04EC0-301F-11D3-BF4B-00C04F79EFBC}") = "PreparacionExamen", "PreparacionExamen\PreparacionExamen.csproj", "{70A2632E-C35F-4CE4-888C-C57EF8B4F3FA}"
EndProject
Global
	GlobalSection(SolutionConfigurationPlatforms) = preSolution
		Debug|Any CPU = Debug|Any CPU
		Release|Any CPU = Release|Any CPU
	EndGlobalSection
	GlobalSection(ProjectConfigurationPlatforms) = postSolution
		{70A2632E-C35F-4CE4-888C-C57EF8B4F3FA}.Debug|Any CPU.ActiveCfg = Debug|Any CPU
		{70A2632E-C35F-4CE4-888C-C57EF8B4F3FA}.Debug|Any CPU.Build.0 = Debug|Any CPU
		{70A2632E-C35F-4CE4-888C-C57EF8B4F3FA}.Release|Any CPU.ActiveCfg = Release|Any CPU
		{70A2632E-C35F-4CE4-888C-C57EF8B4F3FA}.Release|Any CPU.Build.0 = Release|Any CPU
	EndGlobalSection
	GlobalSection(SolutionProperties) = preSolution
		HideSolutionNode = FALSE
	EndGlobalSection
	GlobalSection(ExtensibilityGlobals) = postSolution
		SolutionGuid = {17254728-A627-4FDA-BEBC-44E6D3210BBD}
	EndGlobalSection
EndGlobal
